
Microsoft Visual Studio Solution File, Format Version 12.00
Project("{FAE04EC0-301F-11D3-BF4B-00C04F79EFBC}") = "custom-hash", "custom-hash\custom-hash.csproj", "{5C1892D0-EA8E-4A23-AE73-A6F4F1F806B8}"
EndProject
Global
	GlobalSection(SolutionConfigurationPlatforms) = preSolution
		Debug|Any CPU = Debug|Any CPU
		Release|Any CPU = Release|Any CPU
	EndGlobalSection
	GlobalSection(ProjectConfigurationPlatforms) = postSolution
		{5C1892D0-EA8E-4A23-AE73-A6F4F1F806B8}.Debug|Any CPU.ActiveCfg = Debug|Any CPU
		{5C1892D0-EA8E-4A23-AE73-A6F4F1F806B8}.Debug|Any CPU.Build.0 = Debug|Any CPU
		{5C1892D0-EA8E-4A23-AE73-A6F4F1F806B8}.Release|Any CPU.ActiveCfg = Release|Any CPU
		{5C1892D0-EA8E-4A23-AE73-A6F4F1F806B8}.Release|Any CPU.Build.0 = Release|Any CPU
	EndGlobalSection
EndGlobal
